
Microsoft Visual Studio Solution File, Format Version 12.00
# Visual Studio Version 16
VisualStudioVersion = 16.0.29728.190
MinimumVisualStudioVersion = 15.0.26124.0
Project("{9A19103F-16F7-4668-BE54-9A1E7A4F7556}") = "SimpleGPIO", "SimpleGPIO\SimpleGPIO.csproj", "{90EA81A7-E4D2-4D0D-BCF9-3BDA729909D0}"
EndProject
Project("{9A19103F-16F7-4668-BE54-9A1E7A4F7556}") = "SimpleGPIO.Tests", "SimpleGPIO.Tests\SimpleGPIO.Tests.csproj", "{DC921947-93D5-4120-952D-FF5B6D1FE09F}"
EndProject
Project("{2150E333-8FDC-42A3-9474-1A3956D46DE8}") = "Examples", "Examples", "{72AD87B6-356E-4501-9E63-E7FDB6C78F63}"
EndProject
Project("{2150E333-8FDC-42A3-9474-1A3956D46DE8}") = "Components", "Components", "{E3DCEE1D-9553-4F1A-BEE5-5E553A0BF90F}"
EndProject
Project("{FAE04EC0-301F-11D3-BF4B-00C04F79EFBC}") = "CLI", "Examples\CLI\CLI.csproj", "{C9C4B277-1A7B-454C-AA32-E406AEBA61FC}"
EndProject
Project("{FAE04EC0-301F-11D3-BF4B-00C04F79EFBC}") = "Input", "Examples\Input\Input.csproj", "{962C5E8A-6A3A-4771-BA82-022F1BCA7143}"
EndProject
Project("{FAE04EC0-301F-11D3-BF4B-00C04F79EFBC}") = "PWM", "Examples\PWM\PWM.csproj", "{BD8FEB6C-0063-447F-91AD-8BAB636BF1E7}"
EndProject
Project("{FAE04EC0-301F-11D3-BF4B-00C04F79EFBC}") = "Web", "Examples\Web\Web.csproj", "{FBDE5D8F-BC2D-4441-BF43-CB02224E62E4}"
EndProject
Project("{FAE04EC0-301F-11D3-BF4B-00C04F79EFBC}") = "ShiftRegister", "Examples\Components\ShiftRegister\ShiftRegister.csproj", "{D677060A-4476-420E-AB6F-1E0C7E317F60}"
EndProject
Project("{FAE04EC0-301F-11D3-BF4B-00C04F79EFBC}") = "DotMatrix", "Examples\Components\DotMatrix\DotMatrix.csproj", "{1032759C-F88C-40BE-8F4A-57C51DF248A2}"
EndProject
Project("{FAE04EC0-301F-11D3-BF4B-00C04F79EFBC}") = "Motor", "Examples\Components\Motor\Motor.csproj", "{DFAF29B8-DDAA-4FFB-884A-42ACA40561F2}"
EndProject
Project("{FAE04EC0-301F-11D3-BF4B-00C04F79EFBC}") = "RGBLED", "Examples\Components\RGBLED\RGBLED.csproj", "{530772F4-9B82-4F48-A025-B0F948D59820}"
EndProject
Project("{FAE04EC0-301F-11D3-BF4B-00C04F79EFBC}") = "RotaryEncoder", "Examples\Components\RotaryEncoder\RotaryEncoder.csproj", "{E1589800-F0C8-4166-A6CE-9364E4E06250}"
EndProject
Project("{FAE04EC0-301F-11D3-BF4B-00C04F79EFBC}") = "SevenSegmentDisplay", "Examples\Components\SevenSegmentDisplay\SevenSegmentDisplay.csproj", "{5BFC16E6-77DE-4AAD-9645-641EFABCA61E}"
EndProject
Global
	GlobalSection(SolutionConfigurationPlatforms) = preSolution
		Debug|Any CPU = Debug|Any CPU
		Release|Any CPU = Release|Any CPU
	EndGlobalSection
	GlobalSection(ProjectConfigurationPlatforms) = postSolution
		{90EA81A7-E4D2-4D0D-BCF9-3BDA729909D0}.Debug|Any CPU.ActiveCfg = Debug|Any CPU
		{90EA81A7-E4D2-4D0D-BCF9-3BDA729909D0}.Debug|Any CPU.Build.0 = Debug|Any CPU
		{90EA81A7-E4D2-4D0D-BCF9-3BDA729909D0}.Release|Any CPU.ActiveCfg = Release|Any CPU
		{90EA81A7-E4D2-4D0D-BCF9-3BDA729909D0}.Release|Any CPU.Build.0 = Release|Any CPU
		{DC921947-93D5-4120-952D-FF5B6D1FE09F}.Debug|Any CPU.ActiveCfg = Debug|Any CPU
		{DC921947-93D5-4120-952D-FF5B6D1FE09F}.Debug|Any CPU.Build.0 = Debug|Any CPU
		{DC921947-93D5-4120-952D-FF5B6D1FE09F}.Release|Any CPU.ActiveCfg = Release|Any CPU
		{DC921947-93D5-4120-952D-FF5B6D1FE09F}.Release|Any CPU.Build.0 = Release|Any CPU
		{C9C4B277-1A7B-454C-AA32-E406AEBA61FC}.Debug|Any CPU.ActiveCfg = Debug|Any CPU
		{C9C4B277-1A7B-454C-AA32-E406AEBA61FC}.Release|Any CPU.ActiveCfg = Release|Any CPU
		{C9C4B277-1A7B-454C-AA32-E406AEBA61FC}.Debug|Any CPU.Build.0 = Debug|Any CPU
		{C9C4B277-1A7B-454C-AA32-E406AEBA61FC}.Release|Any CPU.Build.0 = Release|Any CPU
		{962C5E8A-6A3A-4771-BA82-022F1BCA7143}.Debug|Any CPU.ActiveCfg = Debug|Any CPU
		{962C5E8A-6A3A-4771-BA82-022F1BCA7143}.Release|Any CPU.ActiveCfg = Release|Any CPU
		{962C5E8A-6A3A-4771-BA82-022F1BCA7143}.Debug|Any CPU.Build.0 = Debug|Any CPU
		{962C5E8A-6A3A-4771-BA82-022F1BCA7143}.Release|Any CPU.Build.0 = Release|Any CPU
		{BD8FEB6C-0063-447F-91AD-8BAB636BF1E7}.Debug|Any CPU.ActiveCfg = Debug|Any CPU
		{BD8FEB6C-0063-447F-91AD-8BAB636BF1E7}.Release|Any CPU.ActiveCfg = Release|Any CPU
		{BD8FEB6C-0063-447F-91AD-8BAB636BF1E7}.Debug|Any CPU.Build.0 = Debug|Any CPU
		{BD8FEB6C-0063-447F-91AD-8BAB636BF1E7}.Release|Any CPU.Build.0 = Release|Any CPU
		{FBDE5D8F-BC2D-4441-BF43-CB02224E62E4}.Debug|Any CPU.ActiveCfg = Debug|Any CPU
		{FBDE5D8F-BC2D-4441-BF43-CB02224E62E4}.Release|Any CPU.ActiveCfg = Release|Any CPU
		{FBDE5D8F-BC2D-4441-BF43-CB02224E62E4}.Debug|Any CPU.Build.0 = Debug|Any CPU
		{FBDE5D8F-BC2D-4441-BF43-CB02224E62E4}.Release|Any CPU.Build.0 = Release|Any CPU
		{D677060A-4476-420E-AB6F-1E0C7E317F60}.Debug|Any CPU.ActiveCfg = Debug|Any CPU
		{D677060A-4476-420E-AB6F-1E0C7E317F60}.Release|Any CPU.ActiveCfg = Release|Any CPU
		{D677060A-4476-420E-AB6F-1E0C7E317F60}.Debug|Any CPU.Build.0 = Debug|Any CPU
		{D677060A-4476-420E-AB6F-1E0C7E317F60}.Release|Any CPU.Build.0 = Release|Any CPU
		{1032759C-F88C-40BE-8F4A-57C51DF248A2}.Debug|Any CPU.ActiveCfg = Debug|Any CPU
		{1032759C-F88C-40BE-8F4A-57C51DF248A2}.Release|Any CPU.ActiveCfg = Release|Any CPU
		{1032759C-F88C-40BE-8F4A-57C51DF248A2}.Debug|Any CPU.Build.0 = Debug|Any CPU
		{1032759C-F88C-40BE-8F4A-57C51DF248A2}.Release|Any CPU.Build.0 = Release|Any CPU
		{DFAF29B8-DDAA-4FFB-884A-42ACA40561F2}.Debug|Any CPU.ActiveCfg = Debug|Any CPU
		{DFAF29B8-DDAA-4FFB-884A-42ACA40561F2}.Release|Any CPU.ActiveCfg = Release|Any CPU
		{DFAF29B8-DDAA-4FFB-884A-42ACA40561F2}.Debug|Any CPU.Build.0 = Debug|Any CPU
		{DFAF29B8-DDAA-4FFB-884A-42ACA40561F2}.Release|Any CPU.Build.0 = Release|Any CPU
		{530772F4-9B82-4F48-A025-B0F948D59820}.Debug|Any CPU.ActiveCfg = Debug|Any CPU
		{530772F4-9B82-4F48-A025-B0F948D59820}.Release|Any CPU.ActiveCfg = Release|Any CPU
		{530772F4-9B82-4F48-A025-B0F948D59820}.Debug|Any CPU.Build.0 = Debug|Any CPU
		{530772F4-9B82-4F48-A025-B0F948D59820}.Release|Any CPU.Build.0 = Release|Any CPU
		{E1589800-F0C8-4166-A6CE-9364E4E06250}.Debug|Any CPU.ActiveCfg = Debug|Any CPU
		{E1589800-F0C8-4166-A6CE-9364E4E06250}.Release|Any CPU.ActiveCfg = Release|Any CPU
		{E1589800-F0C8-4166-A6CE-9364E4E06250}.Debug|Any CPU.Build.0 = Debug|Any CPU
		{E1589800-F0C8-4166-A6CE-9364E4E06250}.Release|Any CPU.Build.0 = Release|Any CPU
		{5BFC16E6-77DE-4AAD-9645-641EFABCA61E}.Debug|Any CPU.ActiveCfg = Debug|Any CPU
		{5BFC16E6-77DE-4AAD-9645-641EFABCA61E}.Release|Any CPU.ActiveCfg = Release|Any CPU
		{5BFC16E6-77DE-4AAD-9645-641EFABCA61E}.Debug|Any CPU.Build.0 = Debug|Any CPU
		{5BFC16E6-77DE-4AAD-9645-641EFABCA61E}.Release|Any CPU.Build.0 = Release|Any CPU
	EndGlobalSection
	GlobalSection(SolutionProperties) = preSolution
		HideSolutionNode = FALSE
	EndGlobalSection
	GlobalSection(ExtensibilityGlobals) = postSolution
		SolutionGuid = {3D4626B6-8072-4798-BB8C-EAA16808A897}
	EndGlobalSection
	GlobalSection(NestedProjects) = preSolution
		{E3DCEE1D-9553-4F1A-BEE5-5E553A0BF90F} = {72AD87B6-356E-4501-9E63-E7FDB6C78F63}
		{C9C4B277-1A7B-454C-AA32-E406AEBA61FC} = {72AD87B6-356E-4501-9E63-E7FDB6C78F63}
		{962C5E8A-6A3A-4771-BA82-022F1BCA7143} = {72AD87B6-356E-4501-9E63-E7FDB6C78F63}
		{BD8FEB6C-0063-447F-91AD-8BAB636BF1E7} = {72AD87B6-356E-4501-9E63-E7FDB6C78F63}
		{FBDE5D8F-BC2D-4441-BF43-CB02224E62E4} = {72AD87B6-356E-4501-9E63-E7FDB6C78F63}
		{D677060A-4476-420E-AB6F-1E0C7E317F60} = {E3DCEE1D-9553-4F1A-BEE5-5E553A0BF90F}
		{1032759C-F88C-40BE-8F4A-57C51DF248A2} = {E3DCEE1D-9553-4F1A-BEE5-5E553A0BF90F}
		{DFAF29B8-DDAA-4FFB-884A-42ACA40561F2} = {E3DCEE1D-9553-4F1A-BEE5-5E553A0BF90F}
		{530772F4-9B82-4F48-A025-B0F948D59820} = {E3DCEE1D-9553-4F1A-BEE5-5E553A0BF90F}
		{E1589800-F0C8-4166-A6CE-9364E4E06250} = {E3DCEE1D-9553-4F1A-BEE5-5E553A0BF90F}
		{5BFC16E6-77DE-4AAD-9645-641EFABCA61E} = {E3DCEE1D-9553-4F1A-BEE5-5E553A0BF90F}
	EndGlobalSection
EndGlobal
