
Microsoft Visual Studio Solution File, Format Version 12.00
# Visual Studio Version 16
VisualStudioVersion = 16.0.29728.190
MinimumVisualStudioVersion = 15.0.26124.0
Project("{9A19103F-16F7-4668-BE54-9A1E7A4F7556}") = "SimpleGPIO", "SimpleGPIO\SimpleGPIO.csproj", "{90EA81A7-E4D2-4D0D-BCF9-3BDA729909D0}"
EndProject
Project("{9A19103F-16F7-4668-BE54-9A1E7A4F7556}") = "SimpleGPIO.Tests", "SimpleGPIO.Tests\SimpleGPIO.Tests.csproj", "{DC921947-93D5-4120-952D-FF5B6D1FE09F}"
EndProject
Project("{9A19103F-16F7-4668-BE54-9A1E7A4F7556}") = "SimpleGPIO.Examples.CLI", "SimpleGPIO.Examples.CLI\SimpleGPIO.Examples.CLI.csproj", "{408866AA-8CF9-4437-AB8F-346151923CC2}"
EndProject
Project("{9A19103F-16F7-4668-BE54-9A1E7A4F7556}") = "SimpleGPIO.Examples.Web", "SimpleGPIO.Examples.Web\SimpleGPIO.Examples.Web.csproj", "{B5420D95-EC02-4FAA-A3DA-471372577239}"
EndProject
Project("{9A19103F-16F7-4668-BE54-9A1E7A4F7556}") = "SimpleGPIO.Examples.Input", "SimpleGPIO.Examples.Input\SimpleGPIO.Examples.Input.csproj", "{FCC2F919-0434-4C96-B069-6563DF5B0B1F}"
EndProject
Project("{9A19103F-16F7-4668-BE54-9A1E7A4F7556}") = "SimpleGPIO.Examples.Components.RGBLED", "SimpleGPIO.Examples.Components.RGBLED\SimpleGPIO.Examples.Components.RGBLED.csproj", "{DDCCE85B-649D-4D91-A1F0-E0333CF29496}"
EndProject
Project("{9A19103F-16F7-4668-BE54-9A1E7A4F7556}") = "SimpleGPIO.Examples.Components.SevenSegmentDisplay", "SimpleGPIO.Examples.Components.SevenSegmentDisplay\SimpleGPIO.Examples.Components.SevenSegmentDisplay.csproj", "{42070653-DC63-4684-B44D-4D3106259C8E}"
EndProject
Project("{9A19103F-16F7-4668-BE54-9A1E7A4F7556}") = "SimpleGPIO.Examples.Components.RotaryEncoder", "SimpleGPIO.Examples.Components.RotaryEncoder\SimpleGPIO.Examples.Components.RotaryEncoder.csproj", "{5B531A69-92B9-4911-B286-CBD06C9E288F}"
EndProject
Project("{9A19103F-16F7-4668-BE54-9A1E7A4F7556}") = "SimpleGPIO.Examples.Components.Motor", "SimpleGPIO.Examples.Components.Motor\SimpleGPIO.Examples.Components.Motor.csproj", "{07862CDD-EBE5-4E1D-8D4A-AE1F9E0681D7}"
EndProject
Project("{FAE04EC0-301F-11D3-BF4B-00C04F79EFBC}") = "SimpleGPIO.Examples.Components.BitShiftRegister", "SimpleGPIO.Examples.Components.BitShiftRegister\SimpleGPIO.Examples.Components.BitShiftRegister.csproj", "{47382BF9-5DEE-4227-868E-76950939745A}"
EndProject
Project("{FAE04EC0-301F-11D3-BF4B-00C04F79EFBC}") = "SimpleGPIO.Examples.Components.DotMatrix", "SimpleGPIO.Examples.Components.DotMatrix\SimpleGPIO.Examples.Components.DotMatrix.csproj", "{85917140-8E65-4D64-972F-84E7930872CD}"
EndProject
Project("{FAE04EC0-301F-11D3-BF4B-00C04F79EFBC}") = "SimpleGPIO.Examples.PWM", "SimpleGPIO.Examples.PWM\SimpleGPIO.Examples.PWM.csproj", "{B856875E-D1A0-4757-B1EA-21F093165618}"
EndProject
Global
	GlobalSection(SolutionConfigurationPlatforms) = preSolution
		Debug|Any CPU = Debug|Any CPU
		Debug|x64 = Debug|x64
		Debug|x86 = Debug|x86
		Release|Any CPU = Release|Any CPU
		Release|x64 = Release|x64
		Release|x86 = Release|x86
	EndGlobalSection
	GlobalSection(ProjectConfigurationPlatforms) = postSolution
		{90EA81A7-E4D2-4D0D-BCF9-3BDA729909D0}.Debug|Any CPU.ActiveCfg = Debug|Any CPU
		{90EA81A7-E4D2-4D0D-BCF9-3BDA729909D0}.Debug|Any CPU.Build.0 = Debug|Any CPU
		{90EA81A7-E4D2-4D0D-BCF9-3BDA729909D0}.Debug|x64.ActiveCfg = Debug|Any CPU
		{90EA81A7-E4D2-4D0D-BCF9-3BDA729909D0}.Debug|x64.Build.0 = Debug|Any CPU
		{90EA81A7-E4D2-4D0D-BCF9-3BDA729909D0}.Debug|x86.ActiveCfg = Debug|Any CPU
		{90EA81A7-E4D2-4D0D-BCF9-3BDA729909D0}.Debug|x86.Build.0 = Debug|Any CPU
		{90EA81A7-E4D2-4D0D-BCF9-3BDA729909D0}.Release|Any CPU.ActiveCfg = Release|Any CPU
		{90EA81A7-E4D2-4D0D-BCF9-3BDA729909D0}.Release|Any CPU.Build.0 = Release|Any CPU
		{90EA81A7-E4D2-4D0D-BCF9-3BDA729909D0}.Release|x64.ActiveCfg = Release|Any CPU
		{90EA81A7-E4D2-4D0D-BCF9-3BDA729909D0}.Release|x64.Build.0 = Release|Any CPU
		{90EA81A7-E4D2-4D0D-BCF9-3BDA729909D0}.Release|x86.ActiveCfg = Release|Any CPU
		{90EA81A7-E4D2-4D0D-BCF9-3BDA729909D0}.Release|x86.Build.0 = Release|Any CPU
		{DC921947-93D5-4120-952D-FF5B6D1FE09F}.Debug|Any CPU.ActiveCfg = Debug|Any CPU
		{DC921947-93D5-4120-952D-FF5B6D1FE09F}.Debug|Any CPU.Build.0 = Debug|Any CPU
		{DC921947-93D5-4120-952D-FF5B6D1FE09F}.Debug|x64.ActiveCfg = Debug|Any CPU
		{DC921947-93D5-4120-952D-FF5B6D1FE09F}.Debug|x64.Build.0 = Debug|Any CPU
		{DC921947-93D5-4120-952D-FF5B6D1FE09F}.Debug|x86.ActiveCfg = Debug|Any CPU
		{DC921947-93D5-4120-952D-FF5B6D1FE09F}.Debug|x86.Build.0 = Debug|Any CPU
		{DC921947-93D5-4120-952D-FF5B6D1FE09F}.Release|Any CPU.ActiveCfg = Release|Any CPU
		{DC921947-93D5-4120-952D-FF5B6D1FE09F}.Release|Any CPU.Build.0 = Release|Any CPU
		{DC921947-93D5-4120-952D-FF5B6D1FE09F}.Release|x64.ActiveCfg = Release|Any CPU
		{DC921947-93D5-4120-952D-FF5B6D1FE09F}.Release|x64.Build.0 = Release|Any CPU
		{DC921947-93D5-4120-952D-FF5B6D1FE09F}.Release|x86.ActiveCfg = Release|Any CPU
		{DC921947-93D5-4120-952D-FF5B6D1FE09F}.Release|x86.Build.0 = Release|Any CPU
		{408866AA-8CF9-4437-AB8F-346151923CC2}.Debug|Any CPU.ActiveCfg = Debug|Any CPU
		{408866AA-8CF9-4437-AB8F-346151923CC2}.Debug|Any CPU.Build.0 = Debug|Any CPU
		{408866AA-8CF9-4437-AB8F-346151923CC2}.Debug|x64.ActiveCfg = Debug|Any CPU
		{408866AA-8CF9-4437-AB8F-346151923CC2}.Debug|x64.Build.0 = Debug|Any CPU
		{408866AA-8CF9-4437-AB8F-346151923CC2}.Debug|x86.ActiveCfg = Debug|Any CPU
		{408866AA-8CF9-4437-AB8F-346151923CC2}.Debug|x86.Build.0 = Debug|Any CPU
		{408866AA-8CF9-4437-AB8F-346151923CC2}.Release|Any CPU.ActiveCfg = Release|Any CPU
		{408866AA-8CF9-4437-AB8F-346151923CC2}.Release|Any CPU.Build.0 = Release|Any CPU
		{408866AA-8CF9-4437-AB8F-346151923CC2}.Release|x64.ActiveCfg = Release|Any CPU
		{408866AA-8CF9-4437-AB8F-346151923CC2}.Release|x64.Build.0 = Release|Any CPU
		{408866AA-8CF9-4437-AB8F-346151923CC2}.Release|x86.ActiveCfg = Release|Any CPU
		{408866AA-8CF9-4437-AB8F-346151923CC2}.Release|x86.Build.0 = Release|Any CPU
		{B5420D95-EC02-4FAA-A3DA-471372577239}.Debug|Any CPU.ActiveCfg = Debug|Any CPU
		{B5420D95-EC02-4FAA-A3DA-471372577239}.Debug|Any CPU.Build.0 = Debug|Any CPU
		{B5420D95-EC02-4FAA-A3DA-471372577239}.Debug|x64.ActiveCfg = Debug|Any CPU
		{B5420D95-EC02-4FAA-A3DA-471372577239}.Debug|x64.Build.0 = Debug|Any CPU
		{B5420D95-EC02-4FAA-A3DA-471372577239}.Debug|x86.ActiveCfg = Debug|Any CPU
		{B5420D95-EC02-4FAA-A3DA-471372577239}.Debug|x86.Build.0 = Debug|Any CPU
		{B5420D95-EC02-4FAA-A3DA-471372577239}.Release|Any CPU.ActiveCfg = Release|Any CPU
		{B5420D95-EC02-4FAA-A3DA-471372577239}.Release|Any CPU.Build.0 = Release|Any CPU
		{B5420D95-EC02-4FAA-A3DA-471372577239}.Release|x64.ActiveCfg = Release|Any CPU
		{B5420D95-EC02-4FAA-A3DA-471372577239}.Release|x64.Build.0 = Release|Any CPU
		{B5420D95-EC02-4FAA-A3DA-471372577239}.Release|x86.ActiveCfg = Release|Any CPU
		{B5420D95-EC02-4FAA-A3DA-471372577239}.Release|x86.Build.0 = Release|Any CPU
		{FCC2F919-0434-4C96-B069-6563DF5B0B1F}.Debug|Any CPU.ActiveCfg = Debug|Any CPU
		{FCC2F919-0434-4C96-B069-6563DF5B0B1F}.Debug|Any CPU.Build.0 = Debug|Any CPU
		{FCC2F919-0434-4C96-B069-6563DF5B0B1F}.Debug|x64.ActiveCfg = Debug|Any CPU
		{FCC2F919-0434-4C96-B069-6563DF5B0B1F}.Debug|x64.Build.0 = Debug|Any CPU
		{FCC2F919-0434-4C96-B069-6563DF5B0B1F}.Debug|x86.ActiveCfg = Debug|Any CPU
		{FCC2F919-0434-4C96-B069-6563DF5B0B1F}.Debug|x86.Build.0 = Debug|Any CPU
		{FCC2F919-0434-4C96-B069-6563DF5B0B1F}.Release|Any CPU.ActiveCfg = Release|Any CPU
		{FCC2F919-0434-4C96-B069-6563DF5B0B1F}.Release|Any CPU.Build.0 = Release|Any CPU
		{FCC2F919-0434-4C96-B069-6563DF5B0B1F}.Release|x64.ActiveCfg = Release|Any CPU
		{FCC2F919-0434-4C96-B069-6563DF5B0B1F}.Release|x64.Build.0 = Release|Any CPU
		{FCC2F919-0434-4C96-B069-6563DF5B0B1F}.Release|x86.ActiveCfg = Release|Any CPU
		{FCC2F919-0434-4C96-B069-6563DF5B0B1F}.Release|x86.Build.0 = Release|Any CPU
		{DDCCE85B-649D-4D91-A1F0-E0333CF29496}.Debug|Any CPU.ActiveCfg = Debug|Any CPU
		{DDCCE85B-649D-4D91-A1F0-E0333CF29496}.Debug|Any CPU.Build.0 = Debug|Any CPU
		{DDCCE85B-649D-4D91-A1F0-E0333CF29496}.Debug|x64.ActiveCfg = Debug|Any CPU
		{DDCCE85B-649D-4D91-A1F0-E0333CF29496}.Debug|x64.Build.0 = Debug|Any CPU
		{DDCCE85B-649D-4D91-A1F0-E0333CF29496}.Debug|x86.ActiveCfg = Debug|Any CPU
		{DDCCE85B-649D-4D91-A1F0-E0333CF29496}.Debug|x86.Build.0 = Debug|Any CPU
		{DDCCE85B-649D-4D91-A1F0-E0333CF29496}.Release|Any CPU.ActiveCfg = Release|Any CPU
		{DDCCE85B-649D-4D91-A1F0-E0333CF29496}.Release|Any CPU.Build.0 = Release|Any CPU
		{DDCCE85B-649D-4D91-A1F0-E0333CF29496}.Release|x64.ActiveCfg = Release|Any CPU
		{DDCCE85B-649D-4D91-A1F0-E0333CF29496}.Release|x64.Build.0 = Release|Any CPU
		{DDCCE85B-649D-4D91-A1F0-E0333CF29496}.Release|x86.ActiveCfg = Release|Any CPU
		{DDCCE85B-649D-4D91-A1F0-E0333CF29496}.Release|x86.Build.0 = Release|Any CPU
		{42070653-DC63-4684-B44D-4D3106259C8E}.Debug|Any CPU.ActiveCfg = Debug|Any CPU
		{42070653-DC63-4684-B44D-4D3106259C8E}.Debug|Any CPU.Build.0 = Debug|Any CPU
		{42070653-DC63-4684-B44D-4D3106259C8E}.Debug|x64.ActiveCfg = Debug|Any CPU
		{42070653-DC63-4684-B44D-4D3106259C8E}.Debug|x64.Build.0 = Debug|Any CPU
		{42070653-DC63-4684-B44D-4D3106259C8E}.Debug|x86.ActiveCfg = Debug|Any CPU
		{42070653-DC63-4684-B44D-4D3106259C8E}.Debug|x86.Build.0 = Debug|Any CPU
		{42070653-DC63-4684-B44D-4D3106259C8E}.Release|Any CPU.ActiveCfg = Release|Any CPU
		{42070653-DC63-4684-B44D-4D3106259C8E}.Release|Any CPU.Build.0 = Release|Any CPU
		{42070653-DC63-4684-B44D-4D3106259C8E}.Release|x64.ActiveCfg = Release|Any CPU
		{42070653-DC63-4684-B44D-4D3106259C8E}.Release|x64.Build.0 = Release|Any CPU
		{42070653-DC63-4684-B44D-4D3106259C8E}.Release|x86.ActiveCfg = Release|Any CPU
		{42070653-DC63-4684-B44D-4D3106259C8E}.Release|x86.Build.0 = Release|Any CPU
		{47382BF9-5DEE-4227-868E-76950939745A}.Debug|Any CPU.ActiveCfg = Debug|Any CPU
		{47382BF9-5DEE-4227-868E-76950939745A}.Debug|Any CPU.Build.0 = Debug|Any CPU
		{07862CDD-EBE5-4E1D-8D4A-AE1F9E0681D7}.Debug|Any CPU.ActiveCfg = Debug|Any CPU
		{07862CDD-EBE5-4E1D-8D4A-AE1F9E0681D7}.Debug|Any CPU.Build.0 = Debug|Any CPU
		{5B531A69-92B9-4911-B286-CBD06C9E288F}.Debug|Any CPU.ActiveCfg = Debug|Any CPU
		{5B531A69-92B9-4911-B286-CBD06C9E288F}.Debug|Any CPU.Build.0 = Debug|Any CPU
		{85917140-8E65-4D64-972F-84E7930872CD}.Debug|Any CPU.ActiveCfg = Debug|Any CPU
		{85917140-8E65-4D64-972F-84E7930872CD}.Debug|Any CPU.Build.0 = Debug|Any CPU
		{85917140-8E65-4D64-972F-84E7930872CD}.Debug|x64.ActiveCfg = Debug|Any CPU
		{85917140-8E65-4D64-972F-84E7930872CD}.Debug|x64.Build.0 = Debug|Any CPU
		{85917140-8E65-4D64-972F-84E7930872CD}.Debug|x86.ActiveCfg = Debug|Any CPU
		{85917140-8E65-4D64-972F-84E7930872CD}.Debug|x86.Build.0 = Debug|Any CPU
		{85917140-8E65-4D64-972F-84E7930872CD}.Release|Any CPU.ActiveCfg = Release|Any CPU
		{85917140-8E65-4D64-972F-84E7930872CD}.Release|Any CPU.Build.0 = Release|Any CPU
		{85917140-8E65-4D64-972F-84E7930872CD}.Release|x64.ActiveCfg = Release|Any CPU
		{85917140-8E65-4D64-972F-84E7930872CD}.Release|x64.Build.0 = Release|Any CPU
		{85917140-8E65-4D64-972F-84E7930872CD}.Release|x86.ActiveCfg = Release|Any CPU
		{85917140-8E65-4D64-972F-84E7930872CD}.Release|x86.Build.0 = Release|Any CPU
		{B856875E-D1A0-4757-B1EA-21F093165618}.Debug|Any CPU.ActiveCfg = Debug|Any CPU
		{B856875E-D1A0-4757-B1EA-21F093165618}.Debug|Any CPU.Build.0 = Debug|Any CPU
		{B856875E-D1A0-4757-B1EA-21F093165618}.Debug|x64.ActiveCfg = Debug|Any CPU
		{B856875E-D1A0-4757-B1EA-21F093165618}.Debug|x64.Build.0 = Debug|Any CPU
		{B856875E-D1A0-4757-B1EA-21F093165618}.Debug|x86.ActiveCfg = Debug|Any CPU
		{B856875E-D1A0-4757-B1EA-21F093165618}.Debug|x86.Build.0 = Debug|Any CPU
		{B856875E-D1A0-4757-B1EA-21F093165618}.Release|Any CPU.ActiveCfg = Release|Any CPU
		{B856875E-D1A0-4757-B1EA-21F093165618}.Release|Any CPU.Build.0 = Release|Any CPU
		{B856875E-D1A0-4757-B1EA-21F093165618}.Release|x64.ActiveCfg = Release|Any CPU
		{B856875E-D1A0-4757-B1EA-21F093165618}.Release|x64.Build.0 = Release|Any CPU
		{B856875E-D1A0-4757-B1EA-21F093165618}.Release|x86.ActiveCfg = Release|Any CPU
		{B856875E-D1A0-4757-B1EA-21F093165618}.Release|x86.Build.0 = Release|Any CPU
	EndGlobalSection
	GlobalSection(SolutionProperties) = preSolution
		HideSolutionNode = FALSE
	EndGlobalSection
	GlobalSection(ExtensibilityGlobals) = postSolution
		SolutionGuid = {3D4626B6-8072-4798-BB8C-EAA16808A897}
	EndGlobalSection
EndGlobal
